
Microsoft Visual Studio Solution File, Format Version 12.00
# Visual Studio Version 17
VisualStudioVersion = 17.7.34003.232
MinimumVisualStudioVersion = 10.0.40219.1
Project("{2150E333-8FDC-42A3-9474-1A3956D46DE8}") = "MikesKitchen.Common", "MikesKitchen.Common", "{9F1D95A1-838A-4F45-97DD-FE6A23501D73}"
EndProject
Project("{9A19103F-16F7-4668-BE54-9A1E7A4F7556}") = "MikesKitchen.Common.EntityModels.SqlServer", "MikesKitchen.Common.EntityModels.SqlServer\MikesKitchen.Common.EntityModels.SqlServer.csproj", "{E5086366-3B47-466E-A92B-4518FB8FA665}"
EndProject
Project("{9A19103F-16F7-4668-BE54-9A1E7A4F7556}") = "MikesKitchen.Common.DataContext.SqlServer", "MikesKitchen.Common.DataContext.SqlServer\MikesKitchen.Common.DataContext.SqlServer.csproj", "{9705F106-F41D-4562-BE39-DC718C96E535}"
EndProject
Project("{9A19103F-16F7-4668-BE54-9A1E7A4F7556}") = "DatabaseTest", "DatabaseTest\DatabaseTest.csproj", "{AB4FF981-27CF-4888-B196-C5620F1266D1}"
EndProject
Project("{9A19103F-16F7-4668-BE54-9A1E7A4F7556}") = "MikesKitchen.WebApi", "MikesKitchen.WebApi\MikesKitchen.WebApi.csproj", "{0B95FA64-5D71-4EBB-82C5-5BDEC2D87E5E}"
EndProject
Project("{2150E333-8FDC-42A3-9474-1A3956D46DE8}") = "MikesKitchen.WebApi", "MikesKitchen.WebApi", "{2E0F2218-A4C1-41C8-A072-92A9C1A85EB4}"
EndProject
Project("{2150E333-8FDC-42A3-9474-1A3956D46DE8}") = "MikesKitchen.WebApi.Tests", "MikesKitchen.WebApi.Tests", "{269E4E60-CB4D-4782-BACE-ED0ED5DAE28F}"
EndProject
Project("{FAE04EC0-301F-11D3-BF4B-00C04F79EFBC}") = "MikesKitchen.WebApi.Tests", "MikesKitchen.WebApi.Tests\MikesKitchen.WebApi.Tests.csproj", "{2B3E2128-EB0C-4D04-B3CC-B17E429BD5F2}"
EndProject
Global
	GlobalSection(SolutionConfigurationPlatforms) = preSolution
		Debug|Any CPU = Debug|Any CPU
		Release|Any CPU = Release|Any CPU
	EndGlobalSection
	GlobalSection(ProjectConfigurationPlatforms) = postSolution
		{E5086366-3B47-466E-A92B-4518FB8FA665}.Debug|Any CPU.ActiveCfg = Debug|Any CPU
		{E5086366-3B47-466E-A92B-4518FB8FA665}.Debug|Any CPU.Build.0 = Debug|Any CPU
		{E5086366-3B47-466E-A92B-4518FB8FA665}.Release|Any CPU.ActiveCfg = Release|Any CPU
		{E5086366-3B47-466E-A92B-4518FB8FA665}.Release|Any CPU.Build.0 = Release|Any CPU
		{9705F106-F41D-4562-BE39-DC718C96E535}.Debug|Any CPU.ActiveCfg = Debug|Any CPU
		{9705F106-F41D-4562-BE39-DC718C96E535}.Debug|Any CPU.Build.0 = Debug|Any CPU
		{9705F106-F41D-4562-BE39-DC718C96E535}.Release|Any CPU.ActiveCfg = Release|Any CPU
		{9705F106-F41D-4562-BE39-DC718C96E535}.Release|Any CPU.Build.0 = Release|Any CPU
		{AB4FF981-27CF-4888-B196-C5620F1266D1}.Debug|Any CPU.ActiveCfg = Debug|Any CPU
		{AB4FF981-27CF-4888-B196-C5620F1266D1}.Debug|Any CPU.Build.0 = Debug|Any CPU
		{AB4FF981-27CF-4888-B196-C5620F1266D1}.Release|Any CPU.ActiveCfg = Release|Any CPU
		{AB4FF981-27CF-4888-B196-C5620F1266D1}.Release|Any CPU.Build.0 = Release|Any CPU
		{0B95FA64-5D71-4EBB-82C5-5BDEC2D87E5E}.Debug|Any CPU.ActiveCfg = Debug|Any CPU
		{0B95FA64-5D71-4EBB-82C5-5BDEC2D87E5E}.Debug|Any CPU.Build.0 = Debug|Any CPU
		{0B95FA64-5D71-4EBB-82C5-5BDEC2D87E5E}.Release|Any CPU.ActiveCfg = Release|Any CPU
		{0B95FA64-5D71-4EBB-82C5-5BDEC2D87E5E}.Release|Any CPU.Build.0 = Release|Any CPU
		{2B3E2128-EB0C-4D04-B3CC-B17E429BD5F2}.Debug|Any CPU.ActiveCfg = Debug|Any CPU
		{2B3E2128-EB0C-4D04-B3CC-B17E429BD5F2}.Debug|Any CPU.Build.0 = Debug|Any CPU
		{2B3E2128-EB0C-4D04-B3CC-B17E429BD5F2}.Release|Any CPU.ActiveCfg = Release|Any CPU
		{2B3E2128-EB0C-4D04-B3CC-B17E429BD5F2}.Release|Any CPU.Build.0 = Release|Any CPU
	EndGlobalSection
	GlobalSection(SolutionProperties) = preSolution
		HideSolutionNode = FALSE
	EndGlobalSection
	GlobalSection(NestedProjects) = preSolution
		{E5086366-3B47-466E-A92B-4518FB8FA665} = {9F1D95A1-838A-4F45-97DD-FE6A23501D73}
		{9705F106-F41D-4562-BE39-DC718C96E535} = {9F1D95A1-838A-4F45-97DD-FE6A23501D73}
		{AB4FF981-27CF-4888-B196-C5620F1266D1} = {9F1D95A1-838A-4F45-97DD-FE6A23501D73}
		{0B95FA64-5D71-4EBB-82C5-5BDEC2D87E5E} = {2E0F2218-A4C1-41C8-A072-92A9C1A85EB4}
		{2B3E2128-EB0C-4D04-B3CC-B17E429BD5F2} = {269E4E60-CB4D-4782-BACE-ED0ED5DAE28F}
	EndGlobalSection
	GlobalSection(ExtensibilityGlobals) = postSolution
		SolutionGuid = {9B0CD7FD-CD91-4D89-B21E-CCFF9D32B26D}
	EndGlobalSection
EndGlobal
